// !$*UTF8*$!
{
	archiveVersion = 1;
	classes = {
	};
	objectVersion = 46;
	objects = {

/* Begin PBXBuildFile section */
		2402DE84197F527A00E97EFE /* GameViewController.m in Sources */ = {isa = PBXBuildFile; fileRef = 2402DE83197F527A00E97EFE /* GameViewController.m */; };
		2402DE87197F5AEA00E97EFE /* Tool.m in Sources */ = {isa = PBXBuildFile; fileRef = 2402DE86197F5AEA00E97EFE /* Tool.m */; };
		2423BD03197E5DCB0091E839 /* CandyUI.plist in Resources */ = {isa = PBXBuildFile; fileRef = 2423BD02197E5DCB0091E839 /* CandyUI.plist */; };
		245A4A2C197FE6BB00D817A1 /* breakgrass6.wav in Resources */ = {isa = PBXBuildFile; fileRef = 245A4A2B197FE6BB00D817A1 /* breakgrass6.wav */; };
		24602B3D197D35DC002FB37B /* TransitionPageView.m in Sources */ = {isa = PBXBuildFile; fileRef = 24602B3C197D35DC002FB37B /* TransitionPageView.m */; };
		24602B40197D4B63002FB37B /* NewGame.png in Resources */ = {isa = PBXBuildFile; fileRef = 24602B3E197D4B63002FB37B /* NewGame.png */; };
		24602B41197D4B63002FB37B /* Resume.png in Resources */ = {isa = PBXBuildFile; fileRef = 24602B3F197D4B63002FB37B /* Resume.png */; };
		2464C3DB1980859700E0FDBC /* 鞭炮音效.wav in Resources */ = {isa = PBXBuildFile; fileRef = 2464C3D91980859700E0FDBC /* 鞭炮音效.wav */; };
		2464C3DC1980859700E0FDBC /* 礼花音效.wav in Resources */ = {isa = PBXBuildFile; fileRef = 2464C3DA1980859700E0FDBC /* 礼花音效.wav */; };
		2464C3DE198085A000E0FDBC /* Icon@2x.png in Resources */ = {isa = PBXBuildFile; fileRef = 2464C3DD198085A000E0FDBC /* Icon@2x.png */; };
		247202C719792970006F8915 /* item1.png in Resources */ = {isa = PBXBuildFile; fileRef = 247202C219792970006F8915 /* item1.png */; };
		247202C819792970006F8915 /* item2.png in Resources */ = {isa = PBXBuildFile; fileRef = 247202C319792970006F8915 /* item2.png */; };
		247202C919792970006F8915 /* item3.png in Resources */ = {isa = PBXBuildFile; fileRef = 247202C419792970006F8915 /* item3.png */; };
		247202CA19792970006F8915 /* item4.png in Resources */ = {isa = PBXBuildFile; fileRef = 247202C519792970006F8915 /* item4.png */; };
		247202CB19792970006F8915 /* item5.png in Resources */ = {isa = PBXBuildFile; fileRef = 247202C619792970006F8915 /* item5.png */; };
		247202CE19792C53006F8915 /* StarButton.m in Sources */ = {isa = PBXBuildFile; fileRef = 247202CD19792C53006F8915 /* StarButton.m */; };
		2493332119767A4000DEC49D /* Foundation.framework in Frameworks */ = {isa = PBXBuildFile; fileRef = 2493332019767A4000DEC49D /* Foundation.framework */; };
		2493332319767A4000DEC49D /* CoreGraphics.framework in Frameworks */ = {isa = PBXBuildFile; fileRef = 2493332219767A4000DEC49D /* CoreGraphics.framework */; };
		2493332519767A4000DEC49D /* UIKit.framework in Frameworks */ = {isa = PBXBuildFile; fileRef = 2493332419767A4000DEC49D /* UIKit.framework */; };
		2493332B19767A4000DEC49D /* InfoPlist.strings in Resources */ = {isa = PBXBuildFile; fileRef = 2493332919767A4000DEC49D /* InfoPlist.strings */; };
		2493332D19767A4000DEC49D /* main.m in Sources */ = {isa = PBXBuildFile; fileRef = 2493332C19767A4000DEC49D /* main.m */; };
		2493333119767A4000DEC49D /* AppDelegate.m in Sources */ = {isa = PBXBuildFile; fileRef = 2493333019767A4000DEC49D /* AppDelegate.m */; };
		2493333319767A4000DEC49D /* Images.xcassets in Resources */ = {isa = PBXBuildFile; fileRef = 2493333219767A4000DEC49D /* Images.xcassets */; };
		2493333A19767A4000DEC49D /* XCTest.framework in Frameworks */ = {isa = PBXBuildFile; fileRef = 2493333919767A4000DEC49D /* XCTest.framework */; };
		2493333B19767A4000DEC49D /* Foundation.framework in Frameworks */ = {isa = PBXBuildFile; fileRef = 2493332019767A4000DEC49D /* Foundation.framework */; };
		2493333C19767A4000DEC49D /* UIKit.framework in Frameworks */ = {isa = PBXBuildFile; fileRef = 2493332419767A4000DEC49D /* UIKit.framework */; };
		2493334419767A4000DEC49D /* InfoPlist.strings in Resources */ = {isa = PBXBuildFile; fileRef = 2493334219767A4000DEC49D /* InfoPlist.strings */; };
		2493334619767A4000DEC49D /* PopStarTests.m in Sources */ = {isa = PBXBuildFile; fileRef = 2493334519767A4000DEC49D /* PopStarTests.m */; };
		2493336419767CD900DEC49D /* CandyUI.png in Resources */ = {isa = PBXBuildFile; fileRef = 2493335119767CD900DEC49D /* CandyUI.png */; };
		2493336519767CD900DEC49D /* pop.png in Resources */ = {isa = PBXBuildFile; fileRef = 2493335219767CD900DEC49D /* pop.png */; };
		2493336619767CD900DEC49D /* 背景.png in Resources */ = {isa = PBXBuildFile; fileRef = 2493335319767CD900DEC49D /* 背景.png */; };
		2493336719767CD900DEC49D /* 背景A.png in Resources */ = {isa = PBXBuildFile; fileRef = 2493335419767CD900DEC49D /* 背景A.png */; };
		2493336819767CD900DEC49D /* 失败.caf in Resources */ = {isa = PBXBuildFile; fileRef = 2493335619767CD900DEC49D /* 失败.caf */; };
		2493336C19767CD900DEC49D /* 炸.caf in Resources */ = {isa = PBXBuildFile; fileRef = 2493335A19767CD900DEC49D /* 炸.caf */; };
		2493337419767CD900DEC49D /* 触发人音.caf in Resources */ = {isa = PBXBuildFile; fileRef = 2493336219767CD900DEC49D /* 触发人音.caf */; };
		2493337819767DF700DEC49D /* MainViewController.m in Sources */ = {isa = PBXBuildFile; fileRef = 2493337719767DF700DEC49D /* MainViewController.m */; };
/* End PBXBuildFile section */

/* Begin PBXContainerItemProxy section */
		2493333D19767A4000DEC49D /* PBXContainerItemProxy */ = {
			isa = PBXContainerItemProxy;
			containerPortal = 2493331519767A4000DEC49D /* Project object */;
			proxyType = 1;
			remoteGlobalIDString = 2493331C19767A4000DEC49D;
			remoteInfo = PopStar;
		};
/* End PBXContainerItemProxy section */

/* Begin PBXFileReference section */
		2402DE82197F527A00E97EFE /* GameViewController.h */ = {isa = PBXFileReference; fileEncoding = 4; lastKnownFileType = sourcecode.c.h; path = GameViewController.h; sourceTree = "<group>"; };
		2402DE83197F527A00E97EFE /* GameViewController.m */ = {isa = PBXFileReference; fileEncoding = 4; lastKnownFileType = sourcecode.c.objc; path = GameViewController.m; sourceTree = "<group>"; };
		2402DE85197F5AEA00E97EFE /* Tool.h */ = {isa = PBXFileReference; fileEncoding = 4; lastKnownFileType = sourcecode.c.h; path = Tool.h; sourceTree = "<group>"; };
		2402DE86197F5AEA00E97EFE /* Tool.m */ = {isa = PBXFileReference; fileEncoding = 4; lastKnownFileType = sourcecode.c.objc; path = Tool.m; sourceTree = "<group>"; };
		2423BD02197E5DCB0091E839 /* CandyUI.plist */ = {isa = PBXFileReference; lastKnownFileType = file.bplist; path = CandyUI.plist; sourceTree = "<group>"; };
		245A4A2B197FE6BB00D817A1 /* breakgrass6.wav */ = {isa = PBXFileReference; lastKnownFileType = audio.wav; path = breakgrass6.wav; sourceTree = "<group>"; };
		24602B3B197D35DC002FB37B /* TransitionPageView.h */ = {isa = PBXFileReference; fileEncoding = 4; lastKnownFileType = sourcecode.c.h; path = TransitionPageView.h; sourceTree = "<group>"; };
		24602B3C197D35DC002FB37B /* TransitionPageView.m */ = {isa = PBXFileReference; fileEncoding = 4; lastKnownFileType = sourcecode.c.objc; path = TransitionPageView.m; sourceTree = "<group>"; };
		24602B3E197D4B63002FB37B /* NewGame.png */ = {isa = PBXFileReference; lastKnownFileType = image.png; path = NewGame.png; sourceTree = "<group>"; };
		24602B3F197D4B63002FB37B /* Resume.png */ = {isa = PBXFileReference; lastKnownFileType = image.png; path = Resume.png; sourceTree = "<group>"; };
		2464C3D91980859700E0FDBC /* 鞭炮音效.wav */ = {isa = PBXFileReference; lastKnownFileType = audio.wav; path = "鞭炮音效.wav"; sourceTree = "<group>"; };
		2464C3DA1980859700E0FDBC /* 礼花音效.wav */ = {isa = PBXFileReference; lastKnownFileType = audio.wav; path = "礼花音效.wav"; sourceTree = "<group>"; };
		2464C3DD198085A000E0FDBC /* Icon@2x.png */ = {isa = PBXFileReference; lastKnownFileType = image.png; path = "Icon@2x.png"; sourceTree = "<group>"; };
		247202C219792970006F8915 /* item1.png */ = {isa = PBXFileReference; lastKnownFileType = image.png; path = item1.png; sourceTree = "<group>"; };
		247202C319792970006F8915 /* item2.png */ = {isa = PBXFileReference; lastKnownFileType = image.png; path = item2.png; sourceTree = "<group>"; };
		247202C419792970006F8915 /* item3.png */ = {isa = PBXFileReference; lastKnownFileType = image.png; path = item3.png; sourceTree = "<group>"; };
		247202C519792970006F8915 /* item4.png */ = {isa = PBXFileReference; lastKnownFileType = image.png; path = item4.png; sourceTree = "<group>"; };
		247202C619792970006F8915 /* item5.png */ = {isa = PBXFileReference; lastKnownFileType = image.png; path = item5.png; sourceTree = "<group>"; };
		247202CC19792C53006F8915 /* StarButton.h */ = {isa = PBXFileReference; fileEncoding = 4; lastKnownFileType = sourcecode.c.h; path = StarButton.h; sourceTree = "<group>"; };
		247202CD19792C53006F8915 /* StarButton.m */ = {isa = PBXFileReference; fileEncoding = 4; lastKnownFileType = sourcecode.c.objc; path = StarButton.m; sourceTree = "<group>"; };
		2493331D19767A4000DEC49D /* PopStar.app */ = {isa = PBXFileReference; explicitFileType = wrapper.application; includeInIndex = 0; path = PopStar.app; sourceTree = BUILT_PRODUCTS_DIR; };
		2493332019767A4000DEC49D /* Foundation.framework */ = {isa = PBXFileReference; lastKnownFileType = wrapper.framework; name = Foundation.framework; path = System/Library/Frameworks/Foundation.framework; sourceTree = SDKROOT; };
		2493332219767A4000DEC49D /* CoreGraphics.framework */ = {isa = PBXFileReference; lastKnownFileType = wrapper.framework; name = CoreGraphics.framework; path = System/Library/Frameworks/CoreGraphics.framework; sourceTree = SDKROOT; };
		2493332419767A4000DEC49D /* UIKit.framework */ = {isa = PBXFileReference; lastKnownFileType = wrapper.framework; name = UIKit.framework; path = System/Library/Frameworks/UIKit.framework; sourceTree = SDKROOT; };
		2493332819767A4000DEC49D /* PopStar-Info.plist */ = {isa = PBXFileReference; lastKnownFileType = text.plist.xml; path = "PopStar-Info.plist"; sourceTree = "<group>"; };
		2493332A19767A4000DEC49D /* en */ = {isa = PBXFileReference; lastKnownFileType = text.plist.strings; name = en; path = en.lproj/InfoPlist.strings; sourceTree = "<group>"; };
		2493332C19767A4000DEC49D /* main.m */ = {isa = PBXFileReference; lastKnownFileType = sourcecode.c.objc; path = main.m; sourceTree = "<group>"; };
		2493332E19767A4000DEC49D /* PopStar-Prefix.pch */ = {isa = PBXFileReference; lastKnownFileType = sourcecode.c.h; path = "PopStar-Prefix.pch"; sourceTree = "<group>"; };
		2493332F19767A4000DEC49D /* AppDelegate.h */ = {isa = PBXFileReference; lastKnownFileType = sourcecode.c.h; path = AppDelegate.h; sourceTree = "<group>"; };
		2493333019767A4000DEC49D /* AppDelegate.m */ = {isa = PBXFileReference; lastKnownFileType = sourcecode.c.objc; path = AppDelegate.m; sourceTree = "<group>"; };
		2493333219767A4000DEC49D /* Images.xcassets */ = {isa = PBXFileReference; lastKnownFileType = folder.assetcatalog; path = Images.xcassets; sourceTree = "<group>"; };
		2493333819767A4000DEC49D /* PopStarTests.xctest */ = {isa = PBXFileReference; explicitFileType = wrapper.cfbundle; includeInIndex = 0; path = PopStarTests.xctest; sourceTree = BUILT_PRODUCTS_DIR; };
		2493333919767A4000DEC49D /* XCTest.framework */ = {isa = PBXFileReference; lastKnownFileType = wrapper.framework; name = XCTest.framework; path = Library/Frameworks/XCTest.framework; sourceTree = DEVELOPER_DIR; };
		2493334119767A4000DEC49D /* PopStarTests-Info.plist */ = {isa = PBXFileReference; lastKnownFileType = text.plist.xml; path = "PopStarTests-Info.plist"; sourceTree = "<group>"; };
		2493334319767A4000DEC49D /* en */ = {isa = PBXFileReference; lastKnownFileType = text.plist.strings; name = en; path = en.lproj/InfoPlist.strings; sourceTree = "<group>"; };
		2493334519767A4000DEC49D /* PopStarTests.m */ = {isa = PBXFileReference; lastKnownFileType = sourcecode.c.objc; path = PopStarTests.m; sourceTree = "<group>"; };
		2493335119767CD900DEC49D /* CandyUI.png */ = {isa = PBXFileReference; lastKnownFileType = image.png; path = CandyUI.png; sourceTree = "<group>"; };
		2493335219767CD900DEC49D /* pop.png */ = {isa = PBXFileReference; lastKnownFileType = image.png; path = pop.png; sourceTree = "<group>"; };
		2493335319767CD900DEC49D /* 背景.png */ = {isa = PBXFileReference; lastKnownFileType = image.png; path = "背景.png"; sourceTree = "<group>"; };
		2493335419767CD900DEC49D /* 背景A.png */ = {isa = PBXFileReference; lastKnownFileType = image.png; path = "背景A.png"; sourceTree = "<group>"; };
		2493335619767CD900DEC49D /* 失败.caf */ = {isa = PBXFileReference; lastKnownFileType = file; path = "失败.caf"; sourceTree = "<group>"; };
		2493335A19767CD900DEC49D /* 炸.caf */ = {isa = PBXFileReference; lastKnownFileType = file; path = "炸.caf"; sourceTree = "<group>"; };
		2493336219767CD900DEC49D /* 触发人音.caf */ = {isa = PBXFileReference; lastKnownFileType = file; path = "触发人音.caf"; sourceTree = "<group>"; };
		2493337619767DF700DEC49D /* MainViewController.h */ = {isa = PBXFileReference; fileEncoding = 4; lastKnownFileType = sourcecode.c.h; path = MainViewController.h; sourceTree = "<group>"; };
		2493337719767DF700DEC49D /* MainViewController.m */ = {isa = PBXFileReference; fileEncoding = 4; lastKnownFileType = sourcecode.c.objc; path = MainViewController.m; sourceTree = "<group>"; };
/* End PBXFileReference section */

/* Begin PBXFrameworksBuildPhase section */
		2493331A19767A4000DEC49D /* Frameworks */ = {
			isa = PBXFrameworksBuildPhase;
			buildActionMask = 2147483647;
			files = (
				2493332319767A4000DEC49D /* CoreGraphics.framework in Frameworks */,
				2493332519767A4000DEC49D /* UIKit.framework in Frameworks */,
				2493332119767A4000DEC49D /* Foundation.framework in Frameworks */,
			);
			runOnlyForDeploymentPostprocessing = 0;
		};
		2493333519767A4000DEC49D /* Frameworks */ = {
			isa = PBXFrameworksBuildPhase;
			buildActionMask = 2147483647;
			files = (
				2493333A19767A4000DEC49D /* XCTest.framework in Frameworks */,
				2493333C19767A4000DEC49D /* UIKit.framework in Frameworks */,
				2493333B19767A4000DEC49D /* Foundation.framework in Frameworks */,
			);
			runOnlyForDeploymentPostprocessing = 0;
		};
/* End PBXFrameworksBuildPhase section */

/* Begin PBXGroup section */
		2493331419767A4000DEC49D = {
			isa = PBXGroup;
			children = (
				2493332619767A4000DEC49D /* PopStar */,
				2493333F19767A4000DEC49D /* PopStarTests */,
				2493331F19767A4000DEC49D /* Frameworks */,
				2493331E19767A4000DEC49D /* Products */,
			);
			sourceTree = "<group>";
		};
		2493331E19767A4000DEC49D /* Products */ = {
			isa = PBXGroup;
			children = (
				2493331D19767A4000DEC49D /* PopStar.app */,
				2493333819767A4000DEC49D /* PopStarTests.xctest */,
			);
			name = Products;
			sourceTree = "<group>";
		};
		2493331F19767A4000DEC49D /* Frameworks */ = {
			isa = PBXGroup;
			children = (
				2493332019767A4000DEC49D /* Foundation.framework */,
				2493332219767A4000DEC49D /* CoreGraphics.framework */,
				2493332419767A4000DEC49D /* UIKit.framework */,
				2493333919767A4000DEC49D /* XCTest.framework */,
			);
			name = Frameworks;
			sourceTree = "<group>";
		};
		2493332619767A4000DEC49D /* PopStar */ = {
			isa = PBXGroup;
			children = (
				2493334F19767CD900DEC49D /* 游戏资源 */,
				2493332F19767A4000DEC49D /* AppDelegate.h */,
				2493333019767A4000DEC49D /* AppDelegate.m */,
				2493337619767DF700DEC49D /* MainViewController.h */,
				2493337719767DF700DEC49D /* MainViewController.m */,
				24602B3B197D35DC002FB37B /* TransitionPageView.h */,
				24602B3C197D35DC002FB37B /* TransitionPageView.m */,
				2402DE82197F527A00E97EFE /* GameViewController.h */,
				2402DE83197F527A00E97EFE /* GameViewController.m */,
				247202CC19792C53006F8915 /* StarButton.h */,
				247202CD19792C53006F8915 /* StarButton.m */,
				2402DE85197F5AEA00E97EFE /* Tool.h */,
				2402DE86197F5AEA00E97EFE /* Tool.m */,
				2493333219767A4000DEC49D /* Images.xcassets */,
				2493332719767A4000DEC49D /* Supporting Files */,
			);
			path = PopStar;
			sourceTree = "<group>";
		};
		2493332719767A4000DEC49D /* Supporting Files */ = {
			isa = PBXGroup;
			children = (
				2493332819767A4000DEC49D /* PopStar-Info.plist */,
				2493332919767A4000DEC49D /* InfoPlist.strings */,
				2493332C19767A4000DEC49D /* main.m */,
				2493332E19767A4000DEC49D /* PopStar-Prefix.pch */,
			);
			name = "Supporting Files";
			sourceTree = "<group>";
		};
		2493333F19767A4000DEC49D /* PopStarTests */ = {
			isa = PBXGroup;
			children = (
				2493334519767A4000DEC49D /* PopStarTests.m */,
				2493334019767A4000DEC49D /* Supporting Files */,
			);
			path = PopStarTests;
			sourceTree = "<group>";
		};
		2493334019767A4000DEC49D /* Supporting Files */ = {
			isa = PBXGroup;
			children = (
				2493334119767A4000DEC49D /* PopStarTests-Info.plist */,
				2493334219767A4000DEC49D /* InfoPlist.strings */,
			);
			name = "Supporting Files";
			sourceTree = "<group>";
		};
		2493334F19767CD900DEC49D /* 游戏资源 */ = {
			isa = PBXGroup;
			children = (
				2423BD02197E5DCB0091E839 /* CandyUI.plist */,
				2493335019767CD900DEC49D /* 图片 */,
				2493335519767CD900DEC49D /* 音效 */,
			);
			path = "游戏资源";
			sourceTree = "<group>";
		};
		2493335019767CD900DEC49D /* 图片 */ = {
			isa = PBXGroup;
			children = (
				2464C3DD198085A000E0FDBC /* Icon@2x.png */,
				24602B3E197D4B63002FB37B /* NewGame.png */,
				24602B3F197D4B63002FB37B /* Resume.png */,
				247202C219792970006F8915 /* item1.png */,
				247202C319792970006F8915 /* item2.png */,
				247202C419792970006F8915 /* item3.png */,
				247202C519792970006F8915 /* item4.png */,
				247202C619792970006F8915 /* item5.png */,
				2493335119767CD900DEC49D /* CandyUI.png */,
				2493335219767CD900DEC49D /* pop.png */,
				2493335319767CD900DEC49D /* 背景.png */,
				2493335419767CD900DEC49D /* 背景A.png */,
			);
			path = "图片";
			sourceTree = "<group>";
		};
		2493335519767CD900DEC49D /* 音效 */ = {
			isa = PBXGroup;
			children = (
				2464C3D91980859700E0FDBC /* 鞭炮音效.wav */,
				2464C3DA1980859700E0FDBC /* 礼花音效.wav */,
				245A4A2B197FE6BB00D817A1 /* breakgrass6.wav */,
				2493335619767CD900DEC49D /* 失败.caf */,
				2493335A19767CD900DEC49D /* 炸.caf */,
				2493336219767CD900DEC49D /* 触发人音.caf */,
			);
			path = "音效";
			sourceTree = "<group>";
		};
/* End PBXGroup section */

/* Begin PBXNativeTarget section */
		2493331C19767A4000DEC49D /* PopStar */ = {
			isa = PBXNativeTarget;
			buildConfigurationList = 2493334919767A4000DEC49D /* Build configuration list for PBXNativeTarget "PopStar" */;
			buildPhases = (
				2493331919767A4000DEC49D /* Sources */,
				2493331A19767A4000DEC49D /* Frameworks */,
				2493331B19767A4000DEC49D /* Resources */,
			);
			buildRules = (
			);
			dependencies = (
			);
			name = PopStar;
			productName = PopStar;
			productReference = 2493331D19767A4000DEC49D /* PopStar.app */;
			productType = "com.apple.product-type.application";
		};
		2493333719767A4000DEC49D /* PopStarTests */ = {
			isa = PBXNativeTarget;
			buildConfigurationList = 2493334C19767A4000DEC49D /* Build configuration list for PBXNativeTarget "PopStarTests" */;
			buildPhases = (
				2493333419767A4000DEC49D /* Sources */,
				2493333519767A4000DEC49D /* Frameworks */,
				2493333619767A4000DEC49D /* Resources */,
			);
			buildRules = (
			);
			dependencies = (
				2493333E19767A4000DEC49D /* PBXTargetDependency */,
			);
			name = PopStarTests;
			productName = PopStarTests;
			productReference = 2493333819767A4000DEC49D /* PopStarTests.xctest */;
			productType = "com.apple.product-type.bundle.unit-test";
		};
/* End PBXNativeTarget section */

/* Begin PBXProject section */
		2493331519767A4000DEC49D /* Project object */ = {
			isa = PBXProject;
			attributes = {
				LastUpgradeCheck = 0510;
				ORGANIZATIONNAME = brighttj;
				TargetAttributes = {
					2493333719767A4000DEC49D = {
						TestTargetID = 2493331C19767A4000DEC49D;
					};
				};
			};
			buildConfigurationList = 2493331819767A4000DEC49D /* Build configuration list for PBXProject "PopStar" */;
			compatibilityVersion = "Xcode 3.2";
			developmentRegion = English;
			hasScannedForEncodings = 0;
			knownRegions = (
				en,
			);
			mainGroup = 2493331419767A4000DEC49D;
			productRefGroup = 2493331E19767A4000DEC49D /* Products */;
			projectDirPath = "";
			projectRoot = "";
			targets = (
				2493331C19767A4000DEC49D /* PopStar */,
				2493333719767A4000DEC49D /* PopStarTests */,
			);
		};
/* End PBXProject section */

/* Begin PBXResourcesBuildPhase section */
		2493331B19767A4000DEC49D /* Resources */ = {
			isa = PBXResourcesBuildPhase;
			buildActionMask = 2147483647;
			files = (
				24602B41197D4B63002FB37B /* Resume.png in Resources */,
				247202CB19792970006F8915 /* item5.png in Resources */,
				2493336C19767CD900DEC49D /* 炸.caf in Resources */,
				2493336719767CD900DEC49D /* 背景A.png in Resources */,
				247202C919792970006F8915 /* item3.png in Resources */,
				247202C819792970006F8915 /* item2.png in Resources */,
				24602B40197D4B63002FB37B /* NewGame.png in Resources */,
				2423BD03197E5DCB0091E839 /* CandyUI.plist in Resources */,
				2493336819767CD900DEC49D /* 失败.caf in Resources */,
				245A4A2C197FE6BB00D817A1 /* breakgrass6.wav in Resources */,
				2493336619767CD900DEC49D /* 背景.png in Resources */,
				2493332B19767A4000DEC49D /* InfoPlist.strings in Resources */,
				2464C3DE198085A000E0FDBC /* Icon@2x.png in Resources */,
				2464C3DC1980859700E0FDBC /* 礼花音效.wav in Resources */,
				247202C719792970006F8915 /* item1.png in Resources */,
				2493337419767CD900DEC49D /* 触发人音.caf in Resources */,
				2493336519767CD900DEC49D /* pop.png in Resources */,
				2493336419767CD900DEC49D /* CandyUI.png in Resources */,
				2493333319767A4000DEC49D /* Images.xcassets in Resources */,
				2464C3DB1980859700E0FDBC /* 鞭炮音效.wav in Resources */,
				247202CA19792970006F8915 /* item4.png in Resources */,
			);
			runOnlyForDeploymentPostprocessing = 0;
		};
		2493333619767A4000DEC49D /* Resources */ = {
			isa = PBXResourcesBuildPhase;
			buildActionMask = 2147483647;
			files = (
				2493334419767A4000DEC49D /* InfoPlist.strings in Resources */,
			);
			runOnlyForDeploymentPostprocessing = 0;
		};
/* End PBXResourcesBuildPhase section */

/* Begin PBXSourcesBuildPhase section */
		2493331919767A4000DEC49D /* Sources */ = {
			isa = PBXSourcesBuildPhase;
			buildActionMask = 2147483647;
			files = (
				2402DE84197F527A00E97EFE /* GameViewController.m in Sources */,
				2493333119767A4000DEC49D /* AppDelegate.m in Sources */,
				247202CE19792C53006F8915 /* StarButton.m in Sources */,
				2493337819767DF700DEC49D /* MainViewController.m in Sources */,
				2402DE87197F5AEA00E97EFE /* Tool.m in Sources */,
				24602B3D197D35DC002FB37B /* TransitionPageView.m in Sources */,
				2493332D19767A4000DEC49D /* main.m in Sources */,
			);
			runOnlyForDeploymentPostprocessing = 0;
		};
		2493333419767A4000DEC49D /* Sources */ = {
			isa = PBXSourcesBuildPhase;
			buildActionMask = 2147483647;
			files = (
				2493334619767A4000DEC49D /* PopStarTests.m in Sources */,
			);
			runOnlyForDeploymentPostprocessing = 0;
		};
/* End PBXSourcesBuildPhase section */

/* Begin PBXTargetDependency section */
		2493333E19767A4000DEC49D /* PBXTargetDependency */ = {
			isa = PBXTargetDependency;
			target = 2493331C19767A4000DEC49D /* PopStar */;
			targetProxy = 2493333D19767A4000DEC49D /* PBXContainerItemProxy */;
		};
/* End PBXTargetDependency section */

/* Begin PBXVariantGroup section */
		2493332919767A4000DEC49D /* InfoPlist.strings */ = {
			isa = PBXVariantGroup;
			children = (
				2493332A19767A4000DEC49D /* en */,
			);
			name = InfoPlist.strings;
			sourceTree = "<group>";
		};
		2493334219767A4000DEC49D /* InfoPlist.strings */ = {
			isa = PBXVariantGroup;
			children = (
				2493334319767A4000DEC49D /* en */,
			);
			name = InfoPlist.strings;
			sourceTree = "<group>";
		};
/* End PBXVariantGroup section */

/* Begin XCBuildConfiguration section */
		2493334719767A4000DEC49D /* Debug */ = {
			isa = XCBuildConfiguration;
			buildSettings = {
				ALWAYS_SEARCH_USER_PATHS = NO;
				CLANG_CXX_LANGUAGE_STANDARD = "gnu++0x";
				CLANG_CXX_LIBRARY = "libc++";
				CLANG_ENABLE_MODULES = YES;
				CLANG_ENABLE_OBJC_ARC = YES;
				CLANG_WARN_BOOL_CONVERSION = YES;
				CLANG_WARN_CONSTANT_CONVERSION = YES;
				CLANG_WARN_DIRECT_OBJC_ISA_USAGE = YES_ERROR;
				CLANG_WARN_EMPTY_BODY = YES;
				CLANG_WARN_ENUM_CONVERSION = YES;
				CLANG_WARN_INT_CONVERSION = YES;
				CLANG_WARN_OBJC_ROOT_CLASS = YES_ERROR;
				CLANG_WARN__DUPLICATE_METHOD_MATCH = YES;
				"CODE_SIGN_IDENTITY[sdk=iphoneos*]" = "iPhone Developer";
				COPY_PHASE_STRIP = NO;
				GCC_C_LANGUAGE_STANDARD = gnu99;
				GCC_DYNAMIC_NO_PIC = NO;
				GCC_OPTIMIZATION_LEVEL = 0;
				GCC_PREPROCESSOR_DEFINITIONS = (
					"DEBUG=1",
					"$(inherited)",
				);
				GCC_SYMBOLS_PRIVATE_EXTERN = NO;
				GCC_WARN_64_TO_32_BIT_CONVERSION = YES;
				GCC_WARN_ABOUT_RETURN_TYPE = YES_ERROR;
				GCC_WARN_UNDECLARED_SELECTOR = YES;
				GCC_WARN_UNINITIALIZED_AUTOS = YES_AGGRESSIVE;
				GCC_WARN_UNUSED_FUNCTION = YES;
				GCC_WARN_UNUSED_VARIABLE = YES;
				IPHONEOS_DEPLOYMENT_TARGET = 7.1;
				ONLY_ACTIVE_ARCH = YES;
				SDKROOT = iphoneos;
			};
			name = Debug;
		};
		2493334819767A4000DEC49D /* Release */ = {
			isa = XCBuildConfiguration;
			buildSettings = {
				ALWAYS_SEARCH_USER_PATHS = NO;
				CLANG_CXX_LANGUAGE_STANDARD = "gnu++0x";
				CLANG_CXX_LIBRARY = "libc++";
				CLANG_ENABLE_MODULES = YES;
				CLANG_ENABLE_OBJC_ARC = YES;
				CLANG_WARN_BOOL_CONVERSION = YES;
				CLANG_WARN_CONSTANT_CONVERSION = YES;
				CLANG_WARN_DIRECT_OBJC_ISA_USAGE = YES_ERROR;
				CLANG_WARN_EMPTY_BODY = YES;
				CLANG_WARN_ENUM_CONVERSION = YES;
				CLANG_WARN_INT_CONVERSION = YES;
				CLANG_WARN_OBJC_ROOT_CLASS = YES_ERROR;
				CLANG_WARN__DUPLICATE_METHOD_MATCH = YES;
				"CODE_SIGN_IDENTITY[sdk=iphoneos*]" = "iPhone Developer";
				COPY_PHASE_STRIP = YES;
				ENABLE_NS_ASSERTIONS = NO;
				GCC_C_LANGUAGE_STANDARD = gnu99;
				GCC_WARN_64_TO_32_BIT_CONVERSION = YES;
				GCC_WARN_ABOUT_RETURN_TYPE = YES_ERROR;
				GCC_WARN_UNDECLARED_SELECTOR = YES;
				GCC_WARN_UNINITIALIZED_AUTOS = YES_AGGRESSIVE;
				GCC_WARN_UNUSED_FUNCTION = YES;
				GCC_WARN_UNUSED_VARIABLE = YES;
				IPHONEOS_DEPLOYMENT_TARGET = 7.1;
				SDKROOT = iphoneos;
				VALIDATE_PRODUCT = YES;
			};
			name = Release;
		};
		2493334A19767A4000DEC49D /* Debug */ = {
			isa = XCBuildConfiguration;
			buildSettings = {
				ASSETCATALOG_COMPILER_APPICON_NAME = AppIcon;
				ASSETCATALOG_COMPILER_LAUNCHIMAGE_NAME = LaunchImage;
				CLANG_ENABLE_OBJC_ARC = NO;
				GCC_PRECOMPILE_PREFIX_HEADER = YES;
				GCC_PREFIX_HEADER = "PopStar/PopStar-Prefix.pch";
				INFOPLIST_FILE = "PopStar/PopStar-Info.plist";
				PRODUCT_NAME = "$(TARGET_NAME)";
				WRAPPER_EXTENSION = app;
			};
			name = Debug;
		};
		2493334B19767A4000DEC49D /* Release */ = {
			isa = XCBuildConfiguration;
			buildSettings = {
				ASSETCATALOG_COMPILER_APPICON_NAME = AppIcon;
				ASSETCATALOG_COMPILER_LAUNCHIMAGE_NAME = LaunchImage;
				CLANG_ENABLE_OBJC_ARC = NO;
				GCC_PRECOMPILE_PREFIX_HEADER = YES;
				GCC_PREFIX_HEADER = "PopStar/PopStar-Prefix.pch";
				INFOPLIST_FILE = "PopStar/PopStar-Info.plist";
				PRODUCT_NAME = "$(TARGET_NAME)";
				WRAPPER_EXTENSION = app;
			};
			name = Release;
		};
		2493334D19767A4000DEC49D /* Debug */ = {
			isa = XCBuildConfiguration;
			buildSettings = {
				BUNDLE_LOADER = "$(BUILT_PRODUCTS_DIR)/PopStar.app/PopStar";
				FRAMEWORK_SEARCH_PATHS = (
					"$(SDKROOT)/Developer/Library/Frameworks",
					"$(inherited)",
					"$(DEVELOPER_FRAMEWORKS_DIR)",
				);
				GCC_PRECOMPILE_PREFIX_HEADER = YES;
				GCC_PREFIX_HEADER = "PopStar/PopStar-Prefix.pch";
				GCC_PREPROCESSOR_DEFINITIONS = (
					"DEBUG=1",
					"$(inherited)",
				);
				INFOPLIST_FILE = "PopStarTests/PopStarTests-Info.plist";
				PRODUCT_NAME = "$(TARGET_NAME)";
				TEST_HOST = "$(BUNDLE_LOADER)";
				WRAPPER_EXTENSION = xctest;
			};
			name = Debug;
		};
		2493334E19767A4000DEC49D /* Release */ = {
			isa = XCBuildConfiguration;
			buildSettings = {
				BUNDLE_LOADER = "$(BUILT_PRODUCTS_DIR)/PopStar.app/PopStar";
				FRAMEWORK_SEARCH_PATHS = (
					"$(SDKROOT)/Developer/Library/Frameworks",
					"$(inherited)",
					"$(DEVELOPER_FRAMEWORKS_DIR)",
				);
				GCC_PRECOMPILE_PREFIX_HEADER = YES;
				GCC_PREFIX_HEADER = "PopStar/PopStar-Prefix.pch";
				INFOPLIST_FILE = "PopStarTests/PopStarTests-Info.plist";
				PRODUCT_NAME = "$(TARGET_NAME)";
				TEST_HOST = "$(BUNDLE_LOADER)";
				WRAPPER_EXTENSION = xctest;
			};
			name = Release;
		};
/* End XCBuildConfiguration section */

/* Begin XCConfigurationList section */
		2493331819767A4000DEC49D /* Build configuration list for PBXProject "PopStar" */ = {
			isa = XCConfigurationList;
			buildConfigurations = (
				2493334719767A4000DEC49D /* Debug */,
				2493334819767A4000DEC49D /* Release */,
			);
			defaultConfigurationIsVisible = 0;
			defaultConfigurationName = Release;
		};
		2493334919767A4000DEC49D /* Build configuration list for PBXNativeTarget "PopStar" */ = {
			isa = XCConfigurationList;
			buildConfigurations = (
				2493334A19767A4000DEC49D /* Debug */,
				2493334B19767A4000DEC49D /* Release */,
			);
			defaultConfigurationIsVisible = 0;
			defaultConfigurationName = Release;
		};
		2493334C19767A4000DEC49D /* Build configuration list for PBXNativeTarget "PopStarTests" */ = {
			isa = XCConfigurationList;
			buildConfigurations = (
				2493334D19767A4000DEC49D /* Debug */,
				2493334E19767A4000DEC49D /* Release */,
			);
			defaultConfigurationIsVisible = 0;
			defaultConfigurationName = Release;
		};
/* End XCConfigurationList section */
	};
	rootObject = 2493331519767A4000DEC49D /* Project object */;
}
